// !$*UTF8*$!
{
	archiveVersion = 1;
	classes = {
	};
	objectVersion = 77;
	objects = {

/* Begin PBXBuildFile section */
		64CF65DA2D18AAB700B53394 /* FirebaseAnalytics in Frameworks */ = {isa = PBXBuildFile; productRef = 64CF65D92D18AAB700B53394 /* FirebaseAnalytics */; };
		64CF65DC2D18AAB700B53394 /* FirebaseAuth in Frameworks */ = {isa = PBXBuildFile; productRef = 64CF65DB2D18AAB700B53394 /* FirebaseAuth */; };
		64CF65DE2D18AAB700B53394 /* FirebaseDatabase in Frameworks */ = {isa = PBXBuildFile; productRef = 64CF65DD2D18AAB700B53394 /* FirebaseDatabase */; };
		64CF65E02D18AAB700B53394 /* FirebaseFirestore in Frameworks */ = {isa = PBXBuildFile; productRef = 64CF65DF2D18AAB700B53394 /* FirebaseFirestore */; };
		64CF65E22D18AAB700B53394 /* FirebaseFunctions in Frameworks */ = {isa = PBXBuildFile; productRef = 64CF65E12D18AAB700B53394 /* FirebaseFunctions */; };
		64CF65E42D18AAB700B53394 /* FirebaseStorage in Frameworks */ = {isa = PBXBuildFile; productRef = 64CF65E32D18AAB700B53394 /* FirebaseStorage */; };
/* End PBXBuildFile section */

/* Begin PBXContainerItemProxy section */
		64CF65B62D18A90D00B53394 /* PBXContainerItemProxy */ = {
			isa = PBXContainerItemProxy;
			containerPortal = 64CF659D2D18A90C00B53394 /* Project object */;
			proxyType = 1;
			remoteGlobalIDString = 64CF65A42D18A90C00B53394;
			remoteInfo = myrewards;
		};
		64CF65C02D18A90D00B53394 /* PBXContainerItemProxy */ = {
			isa = PBXContainerItemProxy;
			containerPortal = 64CF659D2D18A90C00B53394 /* Project object */;
			proxyType = 1;
			remoteGlobalIDString = 64CF65A42D18A90C00B53394;
			remoteInfo = myrewards;
		};
/* End PBXContainerItemProxy section */

/* Begin PBXFileReference section */
		64CF65A52D18A90C00B53394 /* myrewards.app */ = {isa = PBXFileReference; explicitFileType = wrapper.application; includeInIndex = 0; path = myrewards.app; sourceTree = BUILT_PRODUCTS_DIR; };
		64CF65B52D18A90D00B53394 /* myrewardsTests.xctest */ = {isa = PBXFileReference; explicitFileType = wrapper.cfbundle; includeInIndex = 0; path = myrewardsTests.xctest; sourceTree = BUILT_PRODUCTS_DIR; };
		64CF65BF2D18A90D00B53394 /* myrewardsUITests.xctest */ = {isa = PBXFileReference; explicitFileType = wrapper.cfbundle; includeInIndex = 0; path = myrewardsUITests.xctest; sourceTree = BUILT_PRODUCTS_DIR; };
/* End PBXFileReference section */

/* Begin PBXFileSystemSynchronizedBuildFileExceptionSet section */
		64CF65D62D18AA4300B53394 /* Exceptions for "myrewards" folder in "myrewardsTests" target */ = {
			isa = PBXFileSystemSynchronizedBuildFileExceptionSet;
			membershipExceptions = (
				"GoogleService-Info.plist",
			);
			target = 64CF65B42D18A90D00B53394 /* myrewardsTests */;
		};
		64CF65D72D18AA4300B53394 /* Exceptions for "myrewards" folder in "myrewardsUITests" target */ = {
			isa = PBXFileSystemSynchronizedBuildFileExceptionSet;
			membershipExceptions = (
				"GoogleService-Info.plist",
			);
			target = 64CF65BE2D18A90D00B53394 /* myrewardsUITests */;
		};
/* End PBXFileSystemSynchronizedBuildFileExceptionSet section */

/* Begin PBXFileSystemSynchronizedRootGroup section */
		64CF65A72D18A90C00B53394 /* myrewards */ = {
			isa = PBXFileSystemSynchronizedRootGroup;
			exceptions = (
				64CF65D62D18AA4300B53394 /* Exceptions for "myrewards" folder in "myrewardsTests" target */,
				64CF65D72D18AA4300B53394 /* Exceptions for "myrewards" folder in "myrewardsUITests" target */,
			);
			path = myrewards;
			sourceTree = "<group>";
		};
		64CF65B82D18A90D00B53394 /* myrewardsTests */ = {
			isa = PBXFileSystemSynchronizedRootGroup;
			path = myrewardsTests;
			sourceTree = "<group>";
		};
		64CF65C22D18A90D00B53394 /* myrewardsUITests */ = {
			isa = PBXFileSystemSynchronizedRootGroup;
			path = myrewardsUITests;
			sourceTree = "<group>";
		};
/* End PBXFileSystemSynchronizedRootGroup section */

/* Begin PBXFrameworksBuildPhase section */
		64CF65A22D18A90C00B53394 /* Frameworks */ = {
			isa = PBXFrameworksBuildPhase;
			buildActionMask = 2147483647;
			files = (
				64CF65DE2D18AAB700B53394 /* FirebaseDatabase in Frameworks */,
				64CF65E02D18AAB700B53394 /* FirebaseFirestore in Frameworks */,
				64CF65E22D18AAB700B53394 /* FirebaseFunctions in Frameworks */,
				64CF65DA2D18AAB700B53394 /* FirebaseAnalytics in Frameworks */,
				64CF65DC2D18AAB700B53394 /* FirebaseAuth in Frameworks */,
				64CF65E42D18AAB700B53394 /* FirebaseStorage in Frameworks */,
			);
			runOnlyForDeploymentPostprocessing = 0;
		};
		64CF65B22D18A90D00B53394 /* Frameworks */ = {
			isa = PBXFrameworksBuildPhase;
			buildActionMask = 2147483647;
			files = (
			);
			runOnlyForDeploymentPostprocessing = 0;
		};
		64CF65BC2D18A90D00B53394 /* Frameworks */ = {
			isa = PBXFrameworksBuildPhase;
			buildActionMask = 2147483647;
			files = (
			);
			runOnlyForDeploymentPostprocessing = 0;
		};
/* End PBXFrameworksBuildPhase section */

/* Begin PBXGroup section */
		64CF659C2D18A90C00B53394 = {
			isa = PBXGroup;
			children = (
				64CF65A72D18A90C00B53394 /* myrewards */,
				64CF65B82D18A90D00B53394 /* myrewardsTests */,
				64CF65C22D18A90D00B53394 /* myrewardsUITests */,
				64CF65A62D18A90C00B53394 /* Products */,
			);
			sourceTree = "<group>";
		};
		64CF65A62D18A90C00B53394 /* Products */ = {
			isa = PBXGroup;
			children = (
				64CF65A52D18A90C00B53394 /* myrewards.app */,
				64CF65B52D18A90D00B53394 /* myrewardsTests.xctest */,
				64CF65BF2D18A90D00B53394 /* myrewardsUITests.xctest */,
			);
			name = Products;
			sourceTree = "<group>";
		};
/* End PBXGroup section */

/* Begin PBXNativeTarget section */
		64CF65A42D18A90C00B53394 /* myrewards */ = {
			isa = PBXNativeTarget;
			buildConfigurationList = 64CF65C92D18A90D00B53394 /* Build configuration list for PBXNativeTarget "myrewards" */;
			buildPhases = (
				64CF65A12D18A90C00B53394 /* Sources */,
				64CF65A22D18A90C00B53394 /* Frameworks */,
				64CF65A32D18A90C00B53394 /* Resources */,
			);
			buildRules = (
			);
			dependencies = (
			);
			fileSystemSynchronizedGroups = (
				64CF65A72D18A90C00B53394 /* myrewards */,
			);
			name = myrewards;
			packageProductDependencies = (
				64CF65D92D18AAB700B53394 /* FirebaseAnalytics */,
				64CF65DB2D18AAB700B53394 /* FirebaseAuth */,
				64CF65DD2D18AAB700B53394 /* FirebaseDatabase */,
				64CF65DF2D18AAB700B53394 /* FirebaseFirestore */,
				64CF65E12D18AAB700B53394 /* FirebaseFunctions */,
				64CF65E32D18AAB700B53394 /* FirebaseStorage */,
			);
			productName = myrewards;
			productReference = 64CF65A52D18A90C00B53394 /* myrewards.app */;
			productType = "com.apple.product-type.application";
		};
		64CF65B42D18A90D00B53394 /* myrewardsTests */ = {
			isa = PBXNativeTarget;
			buildConfigurationList = 64CF65CC2D18A90D00B53394 /* Build configuration list for PBXNativeTarget "myrewardsTests" */;
			buildPhases = (
				64CF65B12D18A90D00B53394 /* Sources */,
				64CF65B22D18A90D00B53394 /* Frameworks */,
				64CF65B32D18A90D00B53394 /* Resources */,
			);
			buildRules = (
			);
			dependencies = (
				64CF65B72D18A90D00B53394 /* PBXTargetDependency */,
			);
			fileSystemSynchronizedGroups = (
				64CF65B82D18A90D00B53394 /* myrewardsTests */,
			);
			name = myrewardsTests;
			packageProductDependencies = (
			);
			productName = myrewardsTests;
			productReference = 64CF65B52D18A90D00B53394 /* myrewardsTests.xctest */;
			productType = "com.apple.product-type.bundle.unit-test";
		};
		64CF65BE2D18A90D00B53394 /* myrewardsUITests */ = {
			isa = PBXNativeTarget;
			buildConfigurationList = 64CF65CF2D18A90D00B53394 /* Build configuration list for PBXNativeTarget "myrewardsUITests" */;
			buildPhases = (
				64CF65BB2D18A90D00B53394 /* Sources */,
				64CF65BC2D18A90D00B53394 /* Frameworks */,
				64CF65BD2D18A90D00B53394 /* Resources */,
			);
			buildRules = (
			);
			dependencies = (
				64CF65C12D18A90D00B53394 /* PBXTargetDependency */,
			);
			fileSystemSynchronizedGroups = (
				64CF65C22D18A90D00B53394 /* myrewardsUITests */,
			);
			name = myrewardsUITests;
			packageProductDependencies = (
			);
			productName = myrewardsUITests;
			productReference = 64CF65BF2D18A90D00B53394 /* myrewardsUITests.xctest */;
			productType = "com.apple.product-type.bundle.ui-testing";
		};
/* End PBXNativeTarget section */

/* Begin PBXProject section */
		64CF659D2D18A90C00B53394 /* Project object */ = {
			isa = PBXProject;
			attributes = {
				BuildIndependentTargetsInParallel = 1;
				LastSwiftUpdateCheck = 1620;
				LastUpgradeCheck = 1620;
				TargetAttributes = {
					64CF65A42D18A90C00B53394 = {
						CreatedOnToolsVersion = 16.2;
					};
					64CF65B42D18A90D00B53394 = {
						CreatedOnToolsVersion = 16.2;
						TestTargetID = 64CF65A42D18A90C00B53394;
					};
					64CF65BE2D18A90D00B53394 = {
						CreatedOnToolsVersion = 16.2;
						TestTargetID = 64CF65A42D18A90C00B53394;
					};
				};
			};
			buildConfigurationList = 64CF65A02D18A90C00B53394 /* Build configuration list for PBXProject "myrewards" */;
			developmentRegion = en;
			hasScannedForEncodings = 0;
			knownRegions = (
				en,
				Base,
			);
			mainGroup = 64CF659C2D18A90C00B53394;
			minimizedProjectReferenceProxies = 1;
			packageReferences = (
				64CF65D82D18AAB700B53394 /* XCRemoteSwiftPackageReference "firebase-ios-sdk" */,
			);
			preferredProjectObjectVersion = 77;
			productRefGroup = 64CF65A62D18A90C00B53394 /* Products */;
			projectDirPath = "";
			projectRoot = "";
			targets = (
				64CF65A42D18A90C00B53394 /* myrewards */,
				64CF65B42D18A90D00B53394 /* myrewardsTests */,
				64CF65BE2D18A90D00B53394 /* myrewardsUITests */,
			);
		};
/* End PBXProject section */

/* Begin PBXResourcesBuildPhase section */
		64CF65A32D18A90C00B53394 /* Resources */ = {
			isa = PBXResourcesBuildPhase;
			buildActionMask = 2147483647;
			files = (
			);
			runOnlyForDeploymentPostprocessing = 0;
		};
		64CF65B32D18A90D00B53394 /* Resources */ = {
			isa = PBXResourcesBuildPhase;
			buildActionMask = 2147483647;
			files = (
			);
			runOnlyForDeploymentPostprocessing = 0;
		};
		64CF65BD2D18A90D00B53394 /* Resources */ = {
			isa = PBXResourcesBuildPhase;
			buildActionMask = 2147483647;
			files = (
			);
			runOnlyForDeploymentPostprocessing = 0;
		};
/* End PBXResourcesBuildPhase section */

/* Begin PBXSourcesBuildPhase section */
		64CF65A12D18A90C00B53394 /* Sources */ = {
			isa = PBXSourcesBuildPhase;
			buildActionMask = 2147483647;
			files = (
			);
			runOnlyForDeploymentPostprocessing = 0;
		};
		64CF65B12D18A90D00B53394 /* Sources */ = {
			isa = PBXSourcesBuildPhase;
			buildActionMask = 2147483647;
			files = (
			);
			runOnlyForDeploymentPostprocessing = 0;
		};
		64CF65BB2D18A90D00B53394 /* Sources */ = {
			isa = PBXSourcesBuildPhase;
			buildActionMask = 2147483647;
			files = (
			);
			runOnlyForDeploymentPostprocessing = 0;
		};
/* End PBXSourcesBuildPhase section */

/* Begin PBXTargetDependency section */
		64CF65B72D18A90D00B53394 /* PBXTargetDependency */ = {
			isa = PBXTargetDependency;
			target = 64CF65A42D18A90C00B53394 /* myrewards */;
			targetProxy = 64CF65B62D18A90D00B53394 /* PBXContainerItemProxy */;
		};
		64CF65C12D18A90D00B53394 /* PBXTargetDependency */ = {
			isa = PBXTargetDependency;
			target = 64CF65A42D18A90C00B53394 /* myrewards */;
			targetProxy = 64CF65C02D18A90D00B53394 /* PBXContainerItemProxy */;
		};
/* End PBXTargetDependency section */

/* Begin XCBuildConfiguration section */
		64CF65C72D18A90D00B53394 /* Debug */ = {
			isa = XCBuildConfiguration;
			buildSettings = {
				ALWAYS_SEARCH_USER_PATHS = NO;
				ASSETCATALOG_COMPILER_GENERATE_SWIFT_ASSET_SYMBOL_EXTENSIONS = YES;
				CLANG_ANALYZER_NONNULL = YES;
				CLANG_ANALYZER_NUMBER_OBJECT_CONVERSION = YES_AGGRESSIVE;
				CLANG_CXX_LANGUAGE_STANDARD = "gnu++20";
				CLANG_ENABLE_MODULES = YES;
				CLANG_ENABLE_OBJC_ARC = YES;
				CLANG_ENABLE_OBJC_WEAK = YES;
				CLANG_WARN_BLOCK_CAPTURE_AUTORELEASING = YES;
				CLANG_WARN_BOOL_CONVERSION = YES;
				CLANG_WARN_COMMA = YES;
				CLANG_WARN_CONSTANT_CONVERSION = YES;
				CLANG_WARN_DEPRECATED_OBJC_IMPLEMENTATIONS = YES;
				CLANG_WARN_DIRECT_OBJC_ISA_USAGE = YES_ERROR;
				CLANG_WARN_DOCUMENTATION_COMMENTS = YES;
				CLANG_WARN_EMPTY_BODY = YES;
				CLANG_WARN_ENUM_CONVERSION = YES;
				CLANG_WARN_INFINITE_RECURSION = YES;
				CLANG_WARN_INT_CONVERSION = YES;
				CLANG_WARN_NON_LITERAL_NULL_CONVERSION = YES;
				CLANG_WARN_OBJC_IMPLICIT_RETAIN_SELF = YES;
				CLANG_WARN_OBJC_LITERAL_CONVERSION = YES;
				CLANG_WARN_OBJC_ROOT_CLASS = YES_ERROR;
				CLANG_WARN_QUOTED_INCLUDE_IN_FRAMEWORK_HEADER = YES;
				CLANG_WARN_RANGE_LOOP_ANALYSIS = YES;
				CLANG_WARN_STRICT_PROTOTYPES = YES;
				CLANG_WARN_SUSPICIOUS_MOVE = YES;
				CLANG_WARN_UNGUARDED_AVAILABILITY = YES_AGGRESSIVE;
				CLANG_WARN_UNREACHABLE_CODE = YES;
				CLANG_WARN__DUPLICATE_METHOD_MATCH = YES;
				COPY_PHASE_STRIP = NO;
				DEBUG_INFORMATION_FORMAT = dwarf;
				ENABLE_STRICT_OBJC_MSGSEND = YES;
				ENABLE_TESTABILITY = YES;
				ENABLE_USER_SCRIPT_SANDBOXING = YES;
				GCC_C_LANGUAGE_STANDARD = gnu17;
				GCC_DYNAMIC_NO_PIC = NO;
				GCC_NO_COMMON_BLOCKS = YES;
				GCC_OPTIMIZATION_LEVEL = 0;
				GCC_PREPROCESSOR_DEFINITIONS = (
					"DEBUG=1",
					"$(inherited)",
				);
				GCC_WARN_64_TO_32_BIT_CONVERSION = YES;
				GCC_WARN_ABOUT_RETURN_TYPE = YES_ERROR;
				GCC_WARN_UNDECLARED_SELECTOR = YES;
				GCC_WARN_UNINITIALIZED_AUTOS = YES_AGGRESSIVE;
				GCC_WARN_UNUSED_FUNCTION = YES;
				GCC_WARN_UNUSED_VARIABLE = YES;
				IPHONEOS_DEPLOYMENT_TARGET = 18.2;
				LOCALIZATION_PREFERS_STRING_CATALOGS = YES;
				MTL_ENABLE_DEBUG_INFO = INCLUDE_SOURCE;
				MTL_FAST_MATH = YES;
				ONLY_ACTIVE_ARCH = YES;
				SDKROOT = iphoneos;
				SWIFT_ACTIVE_COMPILATION_CONDITIONS = "DEBUG $(inherited)";
				SWIFT_OPTIMIZATION_LEVEL = "-Onone";
			};
			name = Debug;
		};
		64CF65C82D18A90D00B53394 /* Release */ = {
			isa = XCBuildConfiguration;
			buildSettings = {
				ALWAYS_SEARCH_USER_PATHS = NO;
				ASSETCATALOG_COMPILER_GENERATE_SWIFT_ASSET_SYMBOL_EXTENSIONS = YES;
				CLANG_ANALYZER_NONNULL = YES;
				CLANG_ANALYZER_NUMBER_OBJECT_CONVERSION = YES_AGGRESSIVE;
				CLANG_CXX_LANGUAGE_STANDARD = "gnu++20";
				CLANG_ENABLE_MODULES = YES;
				CLANG_ENABLE_OBJC_ARC = YES;
				CLANG_ENABLE_OBJC_WEAK = YES;
				CLANG_WARN_BLOCK_CAPTURE_AUTORELEASING = YES;
				CLANG_WARN_BOOL_CONVERSION = YES;
				CLANG_WARN_COMMA = YES;
				CLANG_WARN_CONSTANT_CONVERSION = YES;
				CLANG_WARN_DEPRECATED_OBJC_IMPLEMENTATIONS = YES;
				CLANG_WARN_DIRECT_OBJC_ISA_USAGE = YES_ERROR;
				CLANG_WARN_DOCUMENTATION_COMMENTS = YES;
				CLANG_WARN_EMPTY_BODY = YES;
				CLANG_WARN_ENUM_CONVERSION = YES;
				CLANG_WARN_INFINITE_RECURSION = YES;
				CLANG_WARN_INT_CONVERSION = YES;
				CLANG_WARN_NON_LITERAL_NULL_CONVERSION = YES;
				CLANG_WARN_OBJC_IMPLICIT_RETAIN_SELF = YES;
				CLANG_WARN_OBJC_LITERAL_CONVERSION = YES;
				CLANG_WARN_OBJC_ROOT_CLASS = YES_ERROR;
				CLANG_WARN_QUOTED_INCLUDE_IN_FRAMEWORK_HEADER = YES;
				CLANG_WARN_RANGE_LOOP_ANALYSIS = YES;
				CLANG_WARN_STRICT_PROTOTYPES = YES;
				CLANG_WARN_SUSPICIOUS_MOVE = YES;
				CLANG_WARN_UNGUARDED_AVAILABILITY = YES_AGGRESSIVE;
				CLANG_WARN_UNREACHABLE_CODE = YES;
				CLANG_WARN__DUPLICATE_METHOD_MATCH = YES;
				COPY_PHASE_STRIP = NO;
				DEBUG_INFORMATION_FORMAT = "dwarf-with-dsym";
				ENABLE_NS_ASSERTIONS = NO;
				ENABLE_STRICT_OBJC_MSGSEND = YES;
				ENABLE_USER_SCRIPT_SANDBOXING = YES;
				GCC_C_LANGUAGE_STANDARD = gnu17;
				GCC_NO_COMMON_BLOCKS = YES;
				GCC_WARN_64_TO_32_BIT_CONVERSION = YES;
				GCC_WARN_ABOUT_RETURN_TYPE = YES_ERROR;
				GCC_WARN_UNDECLARED_SELECTOR = YES;
				GCC_WARN_UNINITIALIZED_AUTOS = YES_AGGRESSIVE;
				GCC_WARN_UNUSED_FUNCTION = YES;
				GCC_WARN_UNUSED_VARIABLE = YES;
				IPHONEOS_DEPLOYMENT_TARGET = 18.2;
				LOCALIZATION_PREFERS_STRING_CATALOGS = YES;
				MTL_ENABLE_DEBUG_INFO = NO;
				MTL_FAST_MATH = YES;
				SDKROOT = iphoneos;
				SWIFT_COMPILATION_MODE = wholemodule;
				VALIDATE_PRODUCT = YES;
			};
			name = Release;
		};
		64CF65CA2D18A90D00B53394 /* Debug */ = {
			isa = XCBuildConfiguration;
			buildSettings = {
				ASSETCATALOG_COMPILER_APPICON_NAME = AppIcon;
				ASSETCATALOG_COMPILER_GLOBAL_ACCENT_COLOR_NAME = AccentColor;
				CODE_SIGN_STYLE = Automatic;
				CURRENT_PROJECT_VERSION = 1;
				DEVELOPMENT_ASSET_PATHS = "\"myrewards/Preview Content\"";
				DEVELOPMENT_TEAM = WFZJ6KSYCZ;
				ENABLE_PREVIEWS = YES;
				GENERATE_INFOPLIST_FILE = YES;
				INFOPLIST_KEY_UIApplicationSceneManifest_Generation = YES;
				INFOPLIST_KEY_UIApplicationSupportsIndirectInputEvents = YES;
				INFOPLIST_KEY_UILaunchScreen_Generation = YES;
				INFOPLIST_KEY_UISupportedInterfaceOrientations_iPad = "UIInterfaceOrientationPortrait UIInterfaceOrientationPortraitUpsideDown UIInterfaceOrientationLandscapeLeft UIInterfaceOrientationLandscapeRight";
				INFOPLIST_KEY_UISupportedInterfaceOrientations_iPhone = "UIInterfaceOrientationPortrait UIInterfaceOrientationLandscapeLeft UIInterfaceOrientationLandscapeRight";
				LD_RUNPATH_SEARCH_PATHS = (
					"$(inherited)",
					"@executable_path/Frameworks",
				);
				MARKETING_VERSION = 1.0;
				PRODUCT_BUNDLE_IDENTIFIER = com.jackgaff.myrewards;
				PRODUCT_NAME = "$(TARGET_NAME)";
				SWIFT_EMIT_LOC_STRINGS = YES;
				SWIFT_VERSION = 5.0;
				TARGETED_DEVICE_FAMILY = "1,2";
			};
			name = Debug;
		};
		64CF65CB2D18A90D00B53394 /* Release */ = {
			isa = XCBuildConfiguration;
			buildSettings = {
				ASSETCATALOG_COMPILER_APPICON_NAME = AppIcon;
				ASSETCATALOG_COMPILER_GLOBAL_ACCENT_COLOR_NAME = AccentColor;
				CODE_SIGN_STYLE = Automatic;
				CURRENT_PROJECT_VERSION = 1;
				DEVELOPMENT_ASSET_PATHS = "\"myrewards/Preview Content\"";
				DEVELOPMENT_TEAM = WFZJ6KSYCZ;
				ENABLE_PREVIEWS = YES;
				GENERATE_INFOPLIST_FILE = YES;
				INFOPLIST_KEY_UIApplicationSceneManifest_Generation = YES;
				INFOPLIST_KEY_UIApplicationSupportsIndirectInputEvents = YES;
				INFOPLIST_KEY_UILaunchScreen_Generation = YES;
				INFOPLIST_KEY_UISupportedInterfaceOrientations_iPad = "UIInterfaceOrientationPortrait UIInterfaceOrientationPortraitUpsideDown UIInterfaceOrientationLandscapeLeft UIInterfaceOrientationLandscapeRight";
				INFOPLIST_KEY_UISupportedInterfaceOrientations_iPhone = "UIInterfaceOrientationPortrait UIInterfaceOrientationLandscapeLeft UIInterfaceOrientationLandscapeRight";
				LD_RUNPATH_SEARCH_PATHS = (
					"$(inherited)",
					"@executable_path/Frameworks",
				);
				MARKETING_VERSION = 1.0;
				PRODUCT_BUNDLE_IDENTIFIER = com.jackgaff.myrewards;
				PRODUCT_NAME = "$(TARGET_NAME)";
				SWIFT_EMIT_LOC_STRINGS = YES;
				SWIFT_VERSION = 5.0;
				TARGETED_DEVICE_FAMILY = "1,2";
			};
			name = Release;
		};
		64CF65CD2D18A90D00B53394 /* Debug */ = {
			isa = XCBuildConfiguration;
			buildSettings = {
				BUNDLE_LOADER = "$(TEST_HOST)";
				CODE_SIGN_STYLE = Automatic;
				CURRENT_PROJECT_VERSION = 1;
				DEVELOPMENT_TEAM = WFZJ6KSYCZ;
				GENERATE_INFOPLIST_FILE = YES;
				IPHONEOS_DEPLOYMENT_TARGET = 18.2;
				MARKETING_VERSION = 1.0;
				PRODUCT_BUNDLE_IDENTIFIER = com.jackgaff.myrewardsTests;
				PRODUCT_NAME = "$(TARGET_NAME)";
				SWIFT_EMIT_LOC_STRINGS = NO;
				SWIFT_VERSION = 5.0;
				TARGETED_DEVICE_FAMILY = "1,2";
				TEST_HOST = "$(BUILT_PRODUCTS_DIR)/myrewards.app/$(BUNDLE_EXECUTABLE_FOLDER_PATH)/myrewards";
			};
			name = Debug;
		};
		64CF65CE2D18A90D00B53394 /* Release */ = {
			isa = XCBuildConfiguration;
			buildSettings = {
				BUNDLE_LOADER = "$(TEST_HOST)";
				CODE_SIGN_STYLE = Automatic;
				CURRENT_PROJECT_VERSION = 1;
				DEVELOPMENT_TEAM = WFZJ6KSYCZ;
				GENERATE_INFOPLIST_FILE = YES;
				IPHONEOS_DEPLOYMENT_TARGET = 18.2;
				MARKETING_VERSION = 1.0;
				PRODUCT_BUNDLE_IDENTIFIER = com.jackgaff.myrewardsTests;
				PRODUCT_NAME = "$(TARGET_NAME)";
				SWIFT_EMIT_LOC_STRINGS = NO;
				SWIFT_VERSION = 5.0;
				TARGETED_DEVICE_FAMILY = "1,2";
				TEST_HOST = "$(BUILT_PRODUCTS_DIR)/myrewards.app/$(BUNDLE_EXECUTABLE_FOLDER_PATH)/myrewards";
			};
			name = Release;
		};
		64CF65D02D18A90D00B53394 /* Debug */ = {
			isa = XCBuildConfiguration;
			buildSettings = {
				CODE_SIGN_STYLE = Automatic;
				CURRENT_PROJECT_VERSION = 1;
				DEVELOPMENT_TEAM = WFZJ6KSYCZ;
				GENERATE_INFOPLIST_FILE = YES;
				MARKETING_VERSION = 1.0;
				PRODUCT_BUNDLE_IDENTIFIER = com.jackgaff.myrewardsUITests;
				PRODUCT_NAME = "$(TARGET_NAME)";
				SWIFT_EMIT_LOC_STRINGS = NO;
				SWIFT_VERSION = 5.0;
				TARGETED_DEVICE_FAMILY = "1,2";
				TEST_TARGET_NAME = myrewards;
			};
			name = Debug;
		};
		64CF65D12D18A90D00B53394 /* Release */ = {
			isa = XCBuildConfiguration;
			buildSettings = {
				CODE_SIGN_STYLE = Automatic;
				CURRENT_PROJECT_VERSION = 1;
				DEVELOPMENT_TEAM = WFZJ6KSYCZ;
				GENERATE_INFOPLIST_FILE = YES;
				MARKETING_VERSION = 1.0;
				PRODUCT_BUNDLE_IDENTIFIER = com.jackgaff.myrewardsUITests;
				PRODUCT_NAME = "$(TARGET_NAME)";
				SWIFT_EMIT_LOC_STRINGS = NO;
				SWIFT_VERSION = 5.0;
				TARGETED_DEVICE_FAMILY = "1,2";
				TEST_TARGET_NAME = myrewards;
			};
			name = Release;
		};
/* End XCBuildConfiguration section */

/* Begin XCConfigurationList section */
		64CF65A02D18A90C00B53394 /* Build configuration list for PBXProject "myrewards" */ = {
			isa = XCConfigurationList;
			buildConfigurations = (
				64CF65C72D18A90D00B53394 /* Debug */,
				64CF65C82D18A90D00B53394 /* Release */,
			);
			defaultConfigurationIsVisible = 0;
			defaultConfigurationName = Release;
		};
		64CF65C92D18A90D00B53394 /* Build configuration list for PBXNativeTarget "myrewards" */ = {
			isa = XCConfigurationList;
			buildConfigurations = (
				64CF65CA2D18A90D00B53394 /* Debug */,
				64CF65CB2D18A90D00B53394 /* Release */,
			);
			defaultConfigurationIsVisible = 0;
			defaultConfigurationName = Release;
		};
		64CF65CC2D18A90D00B53394 /* Build configuration list for PBXNativeTarget "myrewardsTests" */ = {
			isa = XCConfigurationList;
			buildConfigurations = (
				64CF65CD2D18A90D00B53394 /* Debug */,
				64CF65CE2D18A90D00B53394 /* Release */,
			);
			defaultConfigurationIsVisible = 0;
			defaultConfigurationName = Release;
		};
		64CF65CF2D18A90D00B53394 /* Build configuration list for PBXNativeTarget "myrewardsUITests" */ = {
			isa = XCConfigurationList;
			buildConfigurations = (
				64CF65D02D18A90D00B53394 /* Debug */,
				64CF65D12D18A90D00B53394 /* Release */,
			);
			defaultConfigurationIsVisible = 0;
			defaultConfigurationName = Release;
		};
/* End XCConfigurationList section */

/* Begin XCRemoteSwiftPackageReference section */
		64CF65D82D18AAB700B53394 /* XCRemoteSwiftPackageReference "firebase-ios-sdk" */ = {
			isa = XCRemoteSwiftPackageReference;
			repositoryURL = "https://github.com/firebase/firebase-ios-sdk.git";
			requirement = {
				kind = upToNextMajorVersion;
				minimumVersion = 11.6.0;
			};
		};
/* End XCRemoteSwiftPackageReference section */

/* Begin XCSwiftPackageProductDependency section */
		64CF65D92D18AAB700B53394 /* FirebaseAnalytics */ = {
			isa = XCSwiftPackageProductDependency;
			package = 64CF65D82D18AAB700B53394 /* XCRemoteSwiftPackageReference "firebase-ios-sdk" */;
			productName = FirebaseAnalytics;
		};
		64CF65DB2D18AAB700B53394 /* FirebaseAuth */ = {
			isa = XCSwiftPackageProductDependency;
			package = 64CF65D82D18AAB700B53394 /* XCRemoteSwiftPackageReference "firebase-ios-sdk" */;
			productName = FirebaseAuth;
		};
		64CF65DD2D18AAB700B53394 /* FirebaseDatabase */ = {
			isa = XCSwiftPackageProductDependency;
			package = 64CF65D82D18AAB700B53394 /* XCRemoteSwiftPackageReference "firebase-ios-sdk" */;
			productName = FirebaseDatabase;
		};
		64CF65DF2D18AAB700B53394 /* FirebaseFirestore */ = {
			isa = XCSwiftPackageProductDependency;
			package = 64CF65D82D18AAB700B53394 /* XCRemoteSwiftPackageReference "firebase-ios-sdk" */;
			productName = FirebaseFirestore;
		};
		64CF65E12D18AAB700B53394 /* FirebaseFunctions */ = {
			isa = XCSwiftPackageProductDependency;
			package = 64CF65D82D18AAB700B53394 /* XCRemoteSwiftPackageReference "firebase-ios-sdk" */;
			productName = FirebaseFunctions;
		};
		64CF65E32D18AAB700B53394 /* FirebaseStorage */ = {
			isa = XCSwiftPackageProductDependency;
			package = 64CF65D82D18AAB700B53394 /* XCRemoteSwiftPackageReference "firebase-ios-sdk" */;
			productName = FirebaseStorage;
		};
/* End XCSwiftPackageProductDependency section */
	};
	rootObject = 64CF659D2D18A90C00B53394 /* Project object */;
}
